
Microsoft Visual Studio Solution File, Format Version 10.00
# Visual Studio 2008
Project("{FAE04EC0-301F-11D3-BF4B-00C04F79EFBC}") = "Accounting.Entity", "Accounting.Entity\Accounting.Entity.csproj", "{35F38AF6-4817-48AE-AD84-732A3B35E9AD}"
EndProject
Project("{FAE04EC0-301F-11D3-BF4B-00C04F79EFBC}") = "Accounting.DataAccess", "Accounting.DataAccess\Accounting.DataAccess.csproj", "{DB4E0D1A-E8A5-409A-BABA-97E58A50CEF9}"
	ProjectSection(ProjectDependencies) = postProject
		{DECADD52-876F-4DFE-B6B6-8983C31A59C3} = {DECADD52-876F-4DFE-B6B6-8983C31A59C3}
		{35F38AF6-4817-48AE-AD84-732A3B35E9AD} = {35F38AF6-4817-48AE-AD84-732A3B35E9AD}
	EndProjectSection
EndProject
Project("{FAE04EC0-301F-11D3-BF4B-00C04F79EFBC}") = "Accounting.Utility", "Accounting.Utility\Accounting.Utility.csproj", "{DECADD52-876F-4DFE-B6B6-8983C31A59C3}"
EndProject
Project("{FAE04EC0-301F-11D3-BF4B-00C04F79EFBC}") = "Accounting.Reports", "Accounting.Reports\Accounting.Reports.csproj", "{54CA195B-9B0F-46B0-AD62-DD9A5D9DA924}"
EndProject
Project("{FAE04EC0-301F-11D3-BF4B-00C04F79EFBC}") = "Accounting.Controls", "Accounting.Controls\Accounting.Controls.csproj", "{E1EADD1D-AE09-41CB-95EE-794EF5D76F4E}"
	ProjectSection(ProjectDependencies) = postProject
		{DECADD52-876F-4DFE-B6B6-8983C31A59C3} = {DECADD52-876F-4DFE-B6B6-8983C31A59C3}
	EndProjectSection
EndProject
Project("{FAE04EC0-301F-11D3-BF4B-00C04F79EFBC}") = "Accounting.UI", "Accounting.UI\Accounting.UI.csproj", "{9CCDF0E3-3070-41DD-B95B-5B1784B7EBB4}"
EndProject
Project("{54435603-DBB4-11D2-8724-00A0C9A8B90C}") = "AccountingSetup", "AccountingSetup\AccountingSetup.vdproj", "{732AE05E-6FDA-47AA-9EF7-F5C3AABCE228}"
EndProject
Global
	GlobalSection(SolutionConfigurationPlatforms) = preSolution
		Debug|Any CPU = Debug|Any CPU
		Release|Any CPU = Release|Any CPU
	EndGlobalSection
	GlobalSection(ProjectConfigurationPlatforms) = postSolution
		{35F38AF6-4817-48AE-AD84-732A3B35E9AD}.Debug|Any CPU.ActiveCfg = Debug|Any CPU
		{35F38AF6-4817-48AE-AD84-732A3B35E9AD}.Debug|Any CPU.Build.0 = Debug|Any CPU
		{35F38AF6-4817-48AE-AD84-732A3B35E9AD}.Release|Any CPU.ActiveCfg = Release|Any CPU
		{35F38AF6-4817-48AE-AD84-732A3B35E9AD}.Release|Any CPU.Build.0 = Release|Any CPU
		{DB4E0D1A-E8A5-409A-BABA-97E58A50CEF9}.Debug|Any CPU.ActiveCfg = Debug|Any CPU
		{DB4E0D1A-E8A5-409A-BABA-97E58A50CEF9}.Debug|Any CPU.Build.0 = Debug|Any CPU
		{DB4E0D1A-E8A5-409A-BABA-97E58A50CEF9}.Release|Any CPU.ActiveCfg = Release|Any CPU
		{DB4E0D1A-E8A5-409A-BABA-97E58A50CEF9}.Release|Any CPU.Build.0 = Release|Any CPU
		{DECADD52-876F-4DFE-B6B6-8983C31A59C3}.Debug|Any CPU.ActiveCfg = Debug|Any CPU
		{DECADD52-876F-4DFE-B6B6-8983C31A59C3}.Debug|Any CPU.Build.0 = Debug|Any CPU
		{DECADD52-876F-4DFE-B6B6-8983C31A59C3}.Release|Any CPU.ActiveCfg = Release|Any CPU
		{DECADD52-876F-4DFE-B6B6-8983C31A59C3}.Release|Any CPU.Build.0 = Release|Any CPU
		{54CA195B-9B0F-46B0-AD62-DD9A5D9DA924}.Debug|Any CPU.ActiveCfg = Debug|Any CPU
		{54CA195B-9B0F-46B0-AD62-DD9A5D9DA924}.Debug|Any CPU.Build.0 = Debug|Any CPU
		{54CA195B-9B0F-46B0-AD62-DD9A5D9DA924}.Release|Any CPU.ActiveCfg = Release|Any CPU
		{54CA195B-9B0F-46B0-AD62-DD9A5D9DA924}.Release|Any CPU.Build.0 = Release|Any CPU
		{E1EADD1D-AE09-41CB-95EE-794EF5D76F4E}.Debug|Any CPU.ActiveCfg = Debug|Any CPU
		{E1EADD1D-AE09-41CB-95EE-794EF5D76F4E}.Debug|Any CPU.Build.0 = Debug|Any CPU
		{E1EADD1D-AE09-41CB-95EE-794EF5D76F4E}.Release|Any CPU.ActiveCfg = Release|Any CPU
		{E1EADD1D-AE09-41CB-95EE-794EF5D76F4E}.Release|Any CPU.Build.0 = Release|Any CPU
		{9CCDF0E3-3070-41DD-B95B-5B1784B7EBB4}.Debug|Any CPU.ActiveCfg = Debug|Any CPU
		{9CCDF0E3-3070-41DD-B95B-5B1784B7EBB4}.Debug|Any CPU.Build.0 = Debug|Any CPU
		{9CCDF0E3-3070-41DD-B95B-5B1784B7EBB4}.Release|Any CPU.ActiveCfg = Release|Any CPU
		{9CCDF0E3-3070-41DD-B95B-5B1784B7EBB4}.Release|Any CPU.Build.0 = Release|Any CPU
		{732AE05E-6FDA-47AA-9EF7-F5C3AABCE228}.Debug|Any CPU.ActiveCfg = Debug
		{732AE05E-6FDA-47AA-9EF7-F5C3AABCE228}.Release|Any CPU.ActiveCfg = Release
	EndGlobalSection
	GlobalSection(SolutionProperties) = preSolution
		HideSolutionNode = FALSE
	EndGlobalSection
EndGlobal
